// !$*UTF8*$!
{
	archiveVersion = 1;
	classes = {
	};
	objectVersion = 55;
	objects = {

/* Begin PBXBuildFile section */
		DB04E19C29305828005FBF87 /* SnapKit in Frameworks */ = {isa = PBXBuildFile; productRef = DB04E19B29305828005FBF87 /* SnapKit */; };
		DB04E1A02930633A005FBF87 /* RecipeDetailsVCDelegates.swift in Sources */ = {isa = PBXBuildFile; fileRef = DB04E19F2930633A005FBF87 /* RecipeDetailsVCDelegates.swift */; };
		DB04E1A3293063D7005FBF87 /* RecipeImageTableViewCell.swift in Sources */ = {isa = PBXBuildFile; fileRef = DB04E1A2293063D7005FBF87 /* RecipeImageTableViewCell.swift */; };
		DB06B0162817B54F00AAD7B7 /* AppDelegate.swift in Sources */ = {isa = PBXBuildFile; fileRef = DB06B0152817B54F00AAD7B7 /* AppDelegate.swift */; };
		DB06B0182817B54F00AAD7B7 /* SceneDelegate.swift in Sources */ = {isa = PBXBuildFile; fileRef = DB06B0172817B54F00AAD7B7 /* SceneDelegate.swift */; };
		DB06B01A2817B54F00AAD7B7 /* RecipeListViewController.swift in Sources */ = {isa = PBXBuildFile; fileRef = DB06B0192817B54F00AAD7B7 /* RecipeListViewController.swift */; };
		DB06B01D2817B54F00AAD7B7 /* Main.storyboard in Resources */ = {isa = PBXBuildFile; fileRef = DB06B01B2817B54F00AAD7B7 /* Main.storyboard */; };
		DB06B0202817B54F00AAD7B7 /* NanoChallenge01.xcdatamodeld in Sources */ = {isa = PBXBuildFile; fileRef = DB06B01E2817B54F00AAD7B7 /* NanoChallenge01.xcdatamodeld */; };
		DB06B0222817B55000AAD7B7 /* Assets.xcassets in Resources */ = {isa = PBXBuildFile; fileRef = DB06B0212817B55000AAD7B7 /* Assets.xcassets */; };
		DB06B0252817B55000AAD7B7 /* LaunchScreen.storyboard in Resources */ = {isa = PBXBuildFile; fileRef = DB06B0232817B55000AAD7B7 /* LaunchScreen.storyboard */; };
		DB06B02D2817D4AA00AAD7B7 /* RecipeViewCell.swift in Sources */ = {isa = PBXBuildFile; fileRef = DB06B02C2817D4AA00AAD7B7 /* RecipeViewCell.swift */; };
		DB06B0312817E79700AAD7B7 /* RecipeDetailsViewController.swift in Sources */ = {isa = PBXBuildFile; fileRef = DB06B0302817E79700AAD7B7 /* RecipeDetailsViewController.swift */; };
		DB06B0332817E9D400AAD7B7 /* RecipeModel.swift in Sources */ = {isa = PBXBuildFile; fileRef = DB06B0322817E9D400AAD7B7 /* RecipeModel.swift */; };
		DB44DA0C293F4A5200F014BC /* Raleway-Medium.ttf in Resources */ = {isa = PBXBuildFile; fileRef = DB44DA09293F4A5200F014BC /* Raleway-Medium.ttf */; };
		DB44DA0D293F4A5200F014BC /* Raleway-SemiBold.ttf in Resources */ = {isa = PBXBuildFile; fileRef = DB44DA0A293F4A5200F014BC /* Raleway-SemiBold.ttf */; };
		DB44DA0E293F4A5200F014BC /* Raleway-Bold.ttf in Resources */ = {isa = PBXBuildFile; fileRef = DB44DA0B293F4A5200F014BC /* Raleway-Bold.ttf */; };
		DB6A28A12941D45B0083A6C1 /* StaticVariables.swift in Sources */ = {isa = PBXBuildFile; fileRef = DB6A28A02941D45B0083A6C1 /* StaticVariables.swift */; };
		DB6A28A62941DB4F0083A6C1 /* UIFontExtensions.swift in Sources */ = {isa = PBXBuildFile; fileRef = DB6A28A32941DB4F0083A6C1 /* UIFontExtensions.swift */; };
		DB6A28A82941DB4F0083A6C1 /* UIColorExtensions.swift in Sources */ = {isa = PBXBuildFile; fileRef = DB6A28A52941DB4F0083A6C1 /* UIColorExtensions.swift */; };
		DB6A28AB2941E4350083A6C1 /* AddRecipeVC.swift in Sources */ = {isa = PBXBuildFile; fileRef = DB6A28AA2941E4350083A6C1 /* AddRecipeVC.swift */; };
		DB6A28AE2941E84F0083A6C1 /* AddRecipeNameTableViewCell.swift in Sources */ = {isa = PBXBuildFile; fileRef = DB6A28AD2941E84F0083A6C1 /* AddRecipeNameTableViewCell.swift */; };
		DB6A28B02941EB250083A6C1 /* AddRecipeImageTableViewCell.swift in Sources */ = {isa = PBXBuildFile; fileRef = DB6A28AF2941EB250083A6C1 /* AddRecipeImageTableViewCell.swift */; };
		DB733751281C1BA9007813AB /* EditRecipeViewController.swift in Sources */ = {isa = PBXBuildFile; fileRef = DB733750281C1BA9007813AB /* EditRecipeViewController.swift */; };
		DB753E3F281C6490009C9A99 /* EditRecipeFormTableVC.swift in Sources */ = {isa = PBXBuildFile; fileRef = DB753E3E281C6490009C9A99 /* EditRecipeFormTableVC.swift */; };
		DB9B59E3292E5AD40051F9F8 /* IQKeyboardManagerSwift in Frameworks */ = {isa = PBXBuildFile; productRef = DB9B59E2292E5AD40051F9F8 /* IQKeyboardManagerSwift */; };
		DBBA0D3829306F0800F1C3B9 /* RecipeIngredientsTableViewCell.swift in Sources */ = {isa = PBXBuildFile; fileRef = DBBA0D3729306F0800F1C3B9 /* RecipeIngredientsTableViewCell.swift */; };
		DBBA0D3A293073E300F1C3B9 /* RecipeDirectionsTableViewCell.swift in Sources */ = {isa = PBXBuildFile; fileRef = DBBA0D39293073E300F1C3B9 /* RecipeDirectionsTableViewCell.swift */; };
		DBD5FD15281872BE002052DF /* UITextViewExtensions.swift in Sources */ = {isa = PBXBuildFile; fileRef = DBD5FD14281872BE002052DF /* UITextViewExtensions.swift */; };
		DBEB75732818282B00D0E481 /* AddRecipeViewController.swift in Sources */ = {isa = PBXBuildFile; fileRef = DBEB75722818282B00D0E481 /* AddRecipeViewController.swift */; };
		DBEB75752818287900D0E481 /* AddRecipeFormTableVC.swift in Sources */ = {isa = PBXBuildFile; fileRef = DBEB75742818287900D0E481 /* AddRecipeFormTableVC.swift */; };
		DBF589A8294226E9008881A7 /* AddRecipeVC + TableViewExtensions.swift in Sources */ = {isa = PBXBuildFile; fileRef = DBF589A7294226E9008881A7 /* AddRecipeVC + TableViewExtensions.swift */; };
		DBF589AA29422710008881A7 /* AddRecipeVC + Extensions.swift in Sources */ = {isa = PBXBuildFile; fileRef = DBF589A929422710008881A7 /* AddRecipeVC + Extensions.swift */; };
		DBF589AC29422778008881A7 /* AddRecipeIngredientsTableViewCell.swift in Sources */ = {isa = PBXBuildFile; fileRef = DBF589AB29422778008881A7 /* AddRecipeIngredientsTableViewCell.swift */; };
		DBF589AE29422934008881A7 /* AddRecipeDirectionsTableViewCell.swift in Sources */ = {isa = PBXBuildFile; fileRef = DBF589AD29422934008881A7 /* AddRecipeDirectionsTableViewCell.swift */; };
		DBFA7DEC2964B7D6007A62C7 /* RecipeListVC + Extensions.swift in Sources */ = {isa = PBXBuildFile; fileRef = DBFA7DEB2964B7D6007A62C7 /* RecipeListVC + Extensions.swift */; };
/* End PBXBuildFile section */

/* Begin PBXFileReference section */
		DB04E19F2930633A005FBF87 /* RecipeDetailsVCDelegates.swift */ = {isa = PBXFileReference; lastKnownFileType = sourcecode.swift; path = RecipeDetailsVCDelegates.swift; sourceTree = "<group>"; };
		DB04E1A2293063D7005FBF87 /* RecipeImageTableViewCell.swift */ = {isa = PBXFileReference; lastKnownFileType = sourcecode.swift; path = RecipeImageTableViewCell.swift; sourceTree = "<group>"; };
		DB06B0122817B54F00AAD7B7 /* NanoChallenge01.app */ = {isa = PBXFileReference; explicitFileType = wrapper.application; includeInIndex = 0; path = NanoChallenge01.app; sourceTree = BUILT_PRODUCTS_DIR; };
		DB06B0152817B54F00AAD7B7 /* AppDelegate.swift */ = {isa = PBXFileReference; lastKnownFileType = sourcecode.swift; path = AppDelegate.swift; sourceTree = "<group>"; };
		DB06B0172817B54F00AAD7B7 /* SceneDelegate.swift */ = {isa = PBXFileReference; lastKnownFileType = sourcecode.swift; path = SceneDelegate.swift; sourceTree = "<group>"; };
		DB06B0192817B54F00AAD7B7 /* RecipeListViewController.swift */ = {isa = PBXFileReference; lastKnownFileType = sourcecode.swift; path = RecipeListViewController.swift; sourceTree = "<group>"; };
		DB06B01C2817B54F00AAD7B7 /* Base */ = {isa = PBXFileReference; lastKnownFileType = file.storyboard; name = Base; path = Base.lproj/Main.storyboard; sourceTree = "<group>"; };
		DB06B01F2817B54F00AAD7B7 /* NanoChallenge01.xcdatamodel */ = {isa = PBXFileReference; lastKnownFileType = wrapper.xcdatamodel; path = NanoChallenge01.xcdatamodel; sourceTree = "<group>"; };
		DB06B0212817B55000AAD7B7 /* Assets.xcassets */ = {isa = PBXFileReference; lastKnownFileType = folder.assetcatalog; path = Assets.xcassets; sourceTree = "<group>"; };
		DB06B0242817B55000AAD7B7 /* Base */ = {isa = PBXFileReference; lastKnownFileType = file.storyboard; name = Base; path = Base.lproj/LaunchScreen.storyboard; sourceTree = "<group>"; };
		DB06B0262817B55000AAD7B7 /* Info.plist */ = {isa = PBXFileReference; lastKnownFileType = text.plist.xml; path = Info.plist; sourceTree = "<group>"; };
		DB06B02C2817D4AA00AAD7B7 /* RecipeViewCell.swift */ = {isa = PBXFileReference; lastKnownFileType = sourcecode.swift; path = RecipeViewCell.swift; sourceTree = "<group>"; };
		DB06B0302817E79700AAD7B7 /* RecipeDetailsViewController.swift */ = {isa = PBXFileReference; lastKnownFileType = sourcecode.swift; path = RecipeDetailsViewController.swift; sourceTree = "<group>"; };
		DB06B0322817E9D400AAD7B7 /* RecipeModel.swift */ = {isa = PBXFileReference; lastKnownFileType = sourcecode.swift; path = RecipeModel.swift; sourceTree = "<group>"; };
		DB44DA09293F4A5200F014BC /* Raleway-Medium.ttf */ = {isa = PBXFileReference; lastKnownFileType = file; path = "Raleway-Medium.ttf"; sourceTree = "<group>"; };
		DB44DA0A293F4A5200F014BC /* Raleway-SemiBold.ttf */ = {isa = PBXFileReference; lastKnownFileType = file; path = "Raleway-SemiBold.ttf"; sourceTree = "<group>"; };
		DB44DA0B293F4A5200F014BC /* Raleway-Bold.ttf */ = {isa = PBXFileReference; lastKnownFileType = file; path = "Raleway-Bold.ttf"; sourceTree = "<group>"; };
		DB6A28A02941D45B0083A6C1 /* StaticVariables.swift */ = {isa = PBXFileReference; fileEncoding = 4; lastKnownFileType = sourcecode.swift; path = StaticVariables.swift; sourceTree = "<group>"; };
		DB6A28A32941DB4F0083A6C1 /* UIFontExtensions.swift */ = {isa = PBXFileReference; fileEncoding = 4; lastKnownFileType = sourcecode.swift; path = UIFontExtensions.swift; sourceTree = "<group>"; };
		DB6A28A52941DB4F0083A6C1 /* UIColorExtensions.swift */ = {isa = PBXFileReference; fileEncoding = 4; lastKnownFileType = sourcecode.swift; path = UIColorExtensions.swift; sourceTree = "<group>"; };
		DB6A28AA2941E4350083A6C1 /* AddRecipeVC.swift */ = {isa = PBXFileReference; lastKnownFileType = sourcecode.swift; path = AddRecipeVC.swift; sourceTree = "<group>"; };
		DB6A28AD2941E84F0083A6C1 /* AddRecipeNameTableViewCell.swift */ = {isa = PBXFileReference; lastKnownFileType = sourcecode.swift; path = AddRecipeNameTableViewCell.swift; sourceTree = "<group>"; };
		DB6A28AF2941EB250083A6C1 /* AddRecipeImageTableViewCell.swift */ = {isa = PBXFileReference; lastKnownFileType = sourcecode.swift; path = AddRecipeImageTableViewCell.swift; sourceTree = "<group>"; };
		DB733750281C1BA9007813AB /* EditRecipeViewController.swift */ = {isa = PBXFileReference; lastKnownFileType = sourcecode.swift; path = EditRecipeViewController.swift; sourceTree = "<group>"; };
		DB753E3E281C6490009C9A99 /* EditRecipeFormTableVC.swift */ = {isa = PBXFileReference; lastKnownFileType = sourcecode.swift; path = EditRecipeFormTableVC.swift; sourceTree = "<group>"; };
		DBBA0D3729306F0800F1C3B9 /* RecipeIngredientsTableViewCell.swift */ = {isa = PBXFileReference; lastKnownFileType = sourcecode.swift; path = RecipeIngredientsTableViewCell.swift; sourceTree = "<group>"; };
		DBBA0D39293073E300F1C3B9 /* RecipeDirectionsTableViewCell.swift */ = {isa = PBXFileReference; lastKnownFileType = sourcecode.swift; path = RecipeDirectionsTableViewCell.swift; sourceTree = "<group>"; };
		DBD5FD14281872BE002052DF /* UITextViewExtensions.swift */ = {isa = PBXFileReference; lastKnownFileType = sourcecode.swift; path = UITextViewExtensions.swift; sourceTree = "<group>"; };
		DBEB75722818282B00D0E481 /* AddRecipeViewController.swift */ = {isa = PBXFileReference; lastKnownFileType = sourcecode.swift; path = AddRecipeViewController.swift; sourceTree = "<group>"; };
		DBEB75742818287900D0E481 /* AddRecipeFormTableVC.swift */ = {isa = PBXFileReference; lastKnownFileType = sourcecode.swift; path = AddRecipeFormTableVC.swift; sourceTree = "<group>"; };
		DBF589A7294226E9008881A7 /* AddRecipeVC + TableViewExtensions.swift */ = {isa = PBXFileReference; lastKnownFileType = sourcecode.swift; path = "AddRecipeVC + TableViewExtensions.swift"; sourceTree = "<group>"; };
		DBF589A929422710008881A7 /* AddRecipeVC + Extensions.swift */ = {isa = PBXFileReference; lastKnownFileType = sourcecode.swift; path = "AddRecipeVC + Extensions.swift"; sourceTree = "<group>"; };
		DBF589AB29422778008881A7 /* AddRecipeIngredientsTableViewCell.swift */ = {isa = PBXFileReference; lastKnownFileType = sourcecode.swift; path = AddRecipeIngredientsTableViewCell.swift; sourceTree = "<group>"; };
		DBF589AD29422934008881A7 /* AddRecipeDirectionsTableViewCell.swift */ = {isa = PBXFileReference; lastKnownFileType = sourcecode.swift; path = AddRecipeDirectionsTableViewCell.swift; sourceTree = "<group>"; };
		DBFA7DEB2964B7D6007A62C7 /* RecipeListVC + Extensions.swift */ = {isa = PBXFileReference; lastKnownFileType = sourcecode.swift; path = "RecipeListVC + Extensions.swift"; sourceTree = "<group>"; };
/* End PBXFileReference section */

/* Begin PBXFrameworksBuildPhase section */
		DB06B00F2817B54F00AAD7B7 /* Frameworks */ = {
			isa = PBXFrameworksBuildPhase;
			buildActionMask = 2147483647;
			files = (
				DB9B59E3292E5AD40051F9F8 /* IQKeyboardManagerSwift in Frameworks */,
				DB04E19C29305828005FBF87 /* SnapKit in Frameworks */,
			);
			runOnlyForDeploymentPostprocessing = 0;
		};
/* End PBXFrameworksBuildPhase section */

/* Begin PBXGroup section */
		DB04E1A1293063B2005FBF87 /* Table View Cells */ = {
			isa = PBXGroup;
			children = (
				DB04E1A2293063D7005FBF87 /* RecipeImageTableViewCell.swift */,
				DBBA0D3729306F0800F1C3B9 /* RecipeIngredientsTableViewCell.swift */,
				DBBA0D39293073E300F1C3B9 /* RecipeDirectionsTableViewCell.swift */,
			);
			path = "Table View Cells";
			sourceTree = "<group>";
		};
		DB06B0092817B54F00AAD7B7 = {
			isa = PBXGroup;
			children = (
				DB06B0142817B54F00AAD7B7 /* NanoChallenge01 */,
				DB06B0132817B54F00AAD7B7 /* Products */,
			);
			sourceTree = "<group>";
		};
		DB06B0132817B54F00AAD7B7 /* Products */ = {
			isa = PBXGroup;
			children = (
				DB06B0122817B54F00AAD7B7 /* NanoChallenge01.app */,
			);
			name = Products;
			sourceTree = "<group>";
		};
		DB06B0142817B54F00AAD7B7 /* NanoChallenge01 */ = {
			isa = PBXGroup;
			children = (
				DB06B0152817B54F00AAD7B7 /* AppDelegate.swift */,
				DB06B0172817B54F00AAD7B7 /* SceneDelegate.swift */,
				DB06B0362817EA0300AAD7B7 /* Model */,
				DBD5FD1128186EBE002052DF /* View */,
				DB44DA07293F498900F014BC /* Vendor */,
				DB06B0212817B55000AAD7B7 /* Assets.xcassets */,
				DB06B0262817B55000AAD7B7 /* Info.plist */,
			);
			path = NanoChallenge01;
			sourceTree = "<group>";
		};
		DB06B0362817EA0300AAD7B7 /* Model */ = {
			isa = PBXGroup;
			children = (
				DB06B0322817E9D400AAD7B7 /* RecipeModel.swift */,
				DB06B01E2817B54F00AAD7B7 /* NanoChallenge01.xcdatamodeld */,
			);
			path = Model;
			sourceTree = "<group>";
		};
		DB44DA06293F497300F014BC /* Storyboard */ = {
			isa = PBXGroup;
			children = (
				DB06B01B2817B54F00AAD7B7 /* Main.storyboard */,
				DB06B0232817B55000AAD7B7 /* LaunchScreen.storyboard */,
			);
			path = Storyboard;
			sourceTree = "<group>";
		};
		DB44DA07293F498900F014BC /* Vendor */ = {
			isa = PBXGroup;
			children = (
				DB6A28A22941DB270083A6C1 /* Constants */,
				DBD5FD13281872A3002052DF /* Extension */,
				DB44DA08293F499C00F014BC /* Fonts */,
				DB44DA06293F497300F014BC /* Storyboard */,
			);
			path = Vendor;
			sourceTree = "<group>";
		};
		DB44DA08293F499C00F014BC /* Fonts */ = {
			isa = PBXGroup;
			children = (
				DB44DA0B293F4A5200F014BC /* Raleway-Bold.ttf */,
				DB44DA09293F4A5200F014BC /* Raleway-Medium.ttf */,
				DB44DA0A293F4A5200F014BC /* Raleway-SemiBold.ttf */,
			);
			path = Fonts;
			sourceTree = "<group>";
		};
		DB6A28A22941DB270083A6C1 /* Constants */ = {
			isa = PBXGroup;
			children = (
				DB6A28A02941D45B0083A6C1 /* StaticVariables.swift */,
			);
			path = Constants;
			sourceTree = "<group>";
		};
		DB6A28A92941E0AD0083A6C1 /* Recipe Detail View */ = {
			isa = PBXGroup;
			children = (
				DB06B0302817E79700AAD7B7 /* RecipeDetailsViewController.swift */,
				DB04E19F2930633A005FBF87 /* RecipeDetailsVCDelegates.swift */,
				DB04E1A1293063B2005FBF87 /* Table View Cells */,
			);
			path = "Recipe Detail View";
			sourceTree = "<group>";
		};
		DB6A28AC2941E8160083A6C1 /* Table View Cells */ = {
			isa = PBXGroup;
			children = (
				DB6A28AD2941E84F0083A6C1 /* AddRecipeNameTableViewCell.swift */,
				DB6A28AF2941EB250083A6C1 /* AddRecipeImageTableViewCell.swift */,
				DBF589AB29422778008881A7 /* AddRecipeIngredientsTableViewCell.swift */,
				DBF589AD29422934008881A7 /* AddRecipeDirectionsTableViewCell.swift */,
			);
			path = "Table View Cells";
			sourceTree = "<group>";
		};
		DB753E3B281C6428009C9A99 /* Recipe List View */ = {
			isa = PBXGroup;
			children = (
				DB06B0192817B54F00AAD7B7 /* RecipeListViewController.swift */,
				DBFA7DEB2964B7D6007A62C7 /* RecipeListVC + Extensions.swift */,
				DB06B02C2817D4AA00AAD7B7 /* RecipeViewCell.swift */,
			);
			path = "Recipe List View";
			sourceTree = "<group>";
		};
		DB753E3C281C643E009C9A99 /* Add Recipe VC */ = {
			isa = PBXGroup;
			children = (
				DBEB75722818282B00D0E481 /* AddRecipeViewController.swift */,
				DBEB75742818287900D0E481 /* AddRecipeFormTableVC.swift */,
				DB6A28AA2941E4350083A6C1 /* AddRecipeVC.swift */,
				DBF589A7294226E9008881A7 /* AddRecipeVC + TableViewExtensions.swift */,
				DBF589A929422710008881A7 /* AddRecipeVC + Extensions.swift */,
				DB6A28AC2941E8160083A6C1 /* Table View Cells */,
			);
			path = "Add Recipe VC";
			sourceTree = "<group>";
		};
		DB753E3D281C644F009C9A99 /* Edit Recipe VC */ = {
			isa = PBXGroup;
			children = (
				DB733750281C1BA9007813AB /* EditRecipeViewController.swift */,
				DB753E3E281C6490009C9A99 /* EditRecipeFormTableVC.swift */,
			);
			path = "Edit Recipe VC";
			sourceTree = "<group>";
		};
		DBD5FD1128186EBE002052DF /* View */ = {
			isa = PBXGroup;
			children = (
				DB753E3B281C6428009C9A99 /* Recipe List View */,
				DB6A28A92941E0AD0083A6C1 /* Recipe Detail View */,
				DB753E3C281C643E009C9A99 /* Add Recipe VC */,
				DB753E3D281C644F009C9A99 /* Edit Recipe VC */,
			);
			path = View;
			sourceTree = "<group>";
		};
		DBD5FD13281872A3002052DF /* Extension */ = {
			isa = PBXGroup;
			children = (
				DBD5FD14281872BE002052DF /* UITextViewExtensions.swift */,
				DB6A28A52941DB4F0083A6C1 /* UIColorExtensions.swift */,
				DB6A28A32941DB4F0083A6C1 /* UIFontExtensions.swift */,
			);
			path = Extension;
			sourceTree = "<group>";
		};
/* End PBXGroup section */

/* Begin PBXNativeTarget section */
		DB06B0112817B54F00AAD7B7 /* NanoChallenge01 */ = {
			isa = PBXNativeTarget;
			buildConfigurationList = DB06B0292817B55000AAD7B7 /* Build configuration list for PBXNativeTarget "NanoChallenge01" */;
			buildPhases = (
				DB06B00E2817B54F00AAD7B7 /* Sources */,
				DB06B00F2817B54F00AAD7B7 /* Frameworks */,
				DB06B0102817B54F00AAD7B7 /* Resources */,
			);
			buildRules = (
			);
			dependencies = (
			);
			name = NanoChallenge01;
			packageProductDependencies = (
				DB9B59E2292E5AD40051F9F8 /* IQKeyboardManagerSwift */,
				DB04E19B29305828005FBF87 /* SnapKit */,
			);
			productName = NanoChallenge01;
			productReference = DB06B0122817B54F00AAD7B7 /* NanoChallenge01.app */;
			productType = "com.apple.product-type.application";
		};
/* End PBXNativeTarget section */

/* Begin PBXProject section */
		DB06B00A2817B54F00AAD7B7 /* Project object */ = {
			isa = PBXProject;
			attributes = {
				BuildIndependentTargetsInParallel = 1;
				LastSwiftUpdateCheck = 1330;
				LastUpgradeCheck = 1330;
				TargetAttributes = {
					DB06B0112817B54F00AAD7B7 = {
						CreatedOnToolsVersion = 13.3.1;
					};
				};
			};
			buildConfigurationList = DB06B00D2817B54F00AAD7B7 /* Build configuration list for PBXProject "NanoChallenge01" */;
			compatibilityVersion = "Xcode 13.0";
			developmentRegion = en;
			hasScannedForEncodings = 0;
			knownRegions = (
				en,
				Base,
			);
			mainGroup = DB06B0092817B54F00AAD7B7;
			packageReferences = (
				DB9B59E1292E5AD40051F9F8 /* XCRemoteSwiftPackageReference "IQKeyboardManager" */,
				DB04E19A29305828005FBF87 /* XCRemoteSwiftPackageReference "SnapKit" */,
			);
			productRefGroup = DB06B0132817B54F00AAD7B7 /* Products */;
			projectDirPath = "";
			projectRoot = "";
			targets = (
				DB06B0112817B54F00AAD7B7 /* NanoChallenge01 */,
			);
		};
/* End PBXProject section */

/* Begin PBXResourcesBuildPhase section */
		DB06B0102817B54F00AAD7B7 /* Resources */ = {
			isa = PBXResourcesBuildPhase;
			buildActionMask = 2147483647;
			files = (
				DB06B0252817B55000AAD7B7 /* LaunchScreen.storyboard in Resources */,
				DB44DA0E293F4A5200F014BC /* Raleway-Bold.ttf in Resources */,
				DB44DA0C293F4A5200F014BC /* Raleway-Medium.ttf in Resources */,
				DB06B0222817B55000AAD7B7 /* Assets.xcassets in Resources */,
				DB06B01D2817B54F00AAD7B7 /* Main.storyboard in Resources */,
				DB44DA0D293F4A5200F014BC /* Raleway-SemiBold.ttf in Resources */,
			);
			runOnlyForDeploymentPostprocessing = 0;
		};
/* End PBXResourcesBuildPhase section */

/* Begin PBXSourcesBuildPhase section */
		DB06B00E2817B54F00AAD7B7 /* Sources */ = {
			isa = PBXSourcesBuildPhase;
			buildActionMask = 2147483647;
			files = (
				DBEB75732818282B00D0E481 /* AddRecipeViewController.swift in Sources */,
				DB753E3F281C6490009C9A99 /* EditRecipeFormTableVC.swift in Sources */,
				DBEB75752818287900D0E481 /* AddRecipeFormTableVC.swift in Sources */,
				DB6A28B02941EB250083A6C1 /* AddRecipeImageTableViewCell.swift in Sources */,
				DB06B0202817B54F00AAD7B7 /* NanoChallenge01.xcdatamodeld in Sources */,
				DBF589AE29422934008881A7 /* AddRecipeDirectionsTableViewCell.swift in Sources */,
				DBD5FD15281872BE002052DF /* UITextViewExtensions.swift in Sources */,
				DBBA0D3A293073E300F1C3B9 /* RecipeDirectionsTableViewCell.swift in Sources */,
				DB6A28A12941D45B0083A6C1 /* StaticVariables.swift in Sources */,
				DB04E1A3293063D7005FBF87 /* RecipeImageTableViewCell.swift in Sources */,
				DBFA7DEC2964B7D6007A62C7 /* RecipeListVC + Extensions.swift in Sources */,
				DB6A28A62941DB4F0083A6C1 /* UIFontExtensions.swift in Sources */,
				DB06B0312817E79700AAD7B7 /* RecipeDetailsViewController.swift in Sources */,
				DB06B0332817E9D400AAD7B7 /* RecipeModel.swift in Sources */,
				DBF589A8294226E9008881A7 /* AddRecipeVC + TableViewExtensions.swift in Sources */,
				DB06B01A2817B54F00AAD7B7 /* RecipeListViewController.swift in Sources */,
				DBF589AC29422778008881A7 /* AddRecipeIngredientsTableViewCell.swift in Sources */,
				DB733751281C1BA9007813AB /* EditRecipeViewController.swift in Sources */,
				DB06B0162817B54F00AAD7B7 /* AppDelegate.swift in Sources */,
				DBBA0D3829306F0800F1C3B9 /* RecipeIngredientsTableViewCell.swift in Sources */,
				DB06B0182817B54F00AAD7B7 /* SceneDelegate.swift in Sources */,
				DB04E1A02930633A005FBF87 /* RecipeDetailsVCDelegates.swift in Sources */,
				DB06B02D2817D4AA00AAD7B7 /* RecipeViewCell.swift in Sources */,
				DB6A28AE2941E84F0083A6C1 /* AddRecipeNameTableViewCell.swift in Sources */,
				DB6A28AB2941E4350083A6C1 /* AddRecipeVC.swift in Sources */,
				DBF589AA29422710008881A7 /* AddRecipeVC + Extensions.swift in Sources */,
				DB6A28A82941DB4F0083A6C1 /* UIColorExtensions.swift in Sources */,
			);
			runOnlyForDeploymentPostprocessing = 0;
		};
/* End PBXSourcesBuildPhase section */

/* Begin PBXVariantGroup section */
		DB06B01B2817B54F00AAD7B7 /* Main.storyboard */ = {
			isa = PBXVariantGroup;
			children = (
				DB06B01C2817B54F00AAD7B7 /* Base */,
			);
			name = Main.storyboard;
			sourceTree = "<group>";
		};
		DB06B0232817B55000AAD7B7 /* LaunchScreen.storyboard */ = {
			isa = PBXVariantGroup;
			children = (
				DB06B0242817B55000AAD7B7 /* Base */,
			);
			name = LaunchScreen.storyboard;
			sourceTree = "<group>";
		};
/* End PBXVariantGroup section */

/* Begin XCBuildConfiguration section */
		DB06B0272817B55000AAD7B7 /* Debug */ = {
			isa = XCBuildConfiguration;
			buildSettings = {
				ALWAYS_SEARCH_USER_PATHS = NO;
				CLANG_ANALYZER_NONNULL = YES;
				CLANG_ANALYZER_NUMBER_OBJECT_CONVERSION = YES_AGGRESSIVE;
				CLANG_CXX_LANGUAGE_STANDARD = "gnu++17";
				CLANG_ENABLE_MODULES = YES;
				CLANG_ENABLE_OBJC_ARC = YES;
				CLANG_ENABLE_OBJC_WEAK = YES;
				CLANG_WARN_BLOCK_CAPTURE_AUTORELEASING = YES;
				CLANG_WARN_BOOL_CONVERSION = YES;
				CLANG_WARN_COMMA = YES;
				CLANG_WARN_CONSTANT_CONVERSION = YES;
				CLANG_WARN_DEPRECATED_OBJC_IMPLEMENTATIONS = YES;
				CLANG_WARN_DIRECT_OBJC_ISA_USAGE = YES_ERROR;
				CLANG_WARN_DOCUMENTATION_COMMENTS = YES;
				CLANG_WARN_EMPTY_BODY = YES;
				CLANG_WARN_ENUM_CONVERSION = YES;
				CLANG_WARN_INFINITE_RECURSION = YES;
				CLANG_WARN_INT_CONVERSION = YES;
				CLANG_WARN_NON_LITERAL_NULL_CONVERSION = YES;
				CLANG_WARN_OBJC_IMPLICIT_RETAIN_SELF = YES;
				CLANG_WARN_OBJC_LITERAL_CONVERSION = YES;
				CLANG_WARN_OBJC_ROOT_CLASS = YES_ERROR;
				CLANG_WARN_QUOTED_INCLUDE_IN_FRAMEWORK_HEADER = YES;
				CLANG_WARN_RANGE_LOOP_ANALYSIS = YES;
				CLANG_WARN_STRICT_PROTOTYPES = YES;
				CLANG_WARN_SUSPICIOUS_MOVE = YES;
				CLANG_WARN_UNGUARDED_AVAILABILITY = YES_AGGRESSIVE;
				CLANG_WARN_UNREACHABLE_CODE = YES;
				CLANG_WARN__DUPLICATE_METHOD_MATCH = YES;
				COPY_PHASE_STRIP = NO;
				DEBUG_INFORMATION_FORMAT = dwarf;
				ENABLE_STRICT_OBJC_MSGSEND = YES;
				ENABLE_TESTABILITY = YES;
				GCC_C_LANGUAGE_STANDARD = gnu11;
				GCC_DYNAMIC_NO_PIC = NO;
				GCC_NO_COMMON_BLOCKS = YES;
				GCC_OPTIMIZATION_LEVEL = 0;
				GCC_PREPROCESSOR_DEFINITIONS = (
					"DEBUG=1",
					"$(inherited)",
				);
				GCC_WARN_64_TO_32_BIT_CONVERSION = YES;
				GCC_WARN_ABOUT_RETURN_TYPE = YES_ERROR;
				GCC_WARN_UNDECLARED_SELECTOR = YES;
				GCC_WARN_UNINITIALIZED_AUTOS = YES_AGGRESSIVE;
				GCC_WARN_UNUSED_FUNCTION = YES;
				GCC_WARN_UNUSED_VARIABLE = YES;
				IPHONEOS_DEPLOYMENT_TARGET = 15.5;
				MTL_ENABLE_DEBUG_INFO = INCLUDE_SOURCE;
				MTL_FAST_MATH = YES;
				ONLY_ACTIVE_ARCH = YES;
				SDKROOT = iphoneos;
				SWIFT_ACTIVE_COMPILATION_CONDITIONS = DEBUG;
				SWIFT_OPTIMIZATION_LEVEL = "-Onone";
			};
			name = Debug;
		};
		DB06B0282817B55000AAD7B7 /* Release */ = {
			isa = XCBuildConfiguration;
			buildSettings = {
				ALWAYS_SEARCH_USER_PATHS = NO;
				CLANG_ANALYZER_NONNULL = YES;
				CLANG_ANALYZER_NUMBER_OBJECT_CONVERSION = YES_AGGRESSIVE;
				CLANG_CXX_LANGUAGE_STANDARD = "gnu++17";
				CLANG_ENABLE_MODULES = YES;
				CLANG_ENABLE_OBJC_ARC = YES;
				CLANG_ENABLE_OBJC_WEAK = YES;
				CLANG_WARN_BLOCK_CAPTURE_AUTORELEASING = YES;
				CLANG_WARN_BOOL_CONVERSION = YES;
				CLANG_WARN_COMMA = YES;
				CLANG_WARN_CONSTANT_CONVERSION = YES;
				CLANG_WARN_DEPRECATED_OBJC_IMPLEMENTATIONS = YES;
				CLANG_WARN_DIRECT_OBJC_ISA_USAGE = YES_ERROR;
				CLANG_WARN_DOCUMENTATION_COMMENTS = YES;
				CLANG_WARN_EMPTY_BODY = YES;
				CLANG_WARN_ENUM_CONVERSION = YES;
				CLANG_WARN_INFINITE_RECURSION = YES;
				CLANG_WARN_INT_CONVERSION = YES;
				CLANG_WARN_NON_LITERAL_NULL_CONVERSION = YES;
				CLANG_WARN_OBJC_IMPLICIT_RETAIN_SELF = YES;
				CLANG_WARN_OBJC_LITERAL_CONVERSION = YES;
				CLANG_WARN_OBJC_ROOT_CLASS = YES_ERROR;
				CLANG_WARN_QUOTED_INCLUDE_IN_FRAMEWORK_HEADER = YES;
				CLANG_WARN_RANGE_LOOP_ANALYSIS = YES;
				CLANG_WARN_STRICT_PROTOTYPES = YES;
				CLANG_WARN_SUSPICIOUS_MOVE = YES;
				CLANG_WARN_UNGUARDED_AVAILABILITY = YES_AGGRESSIVE;
				CLANG_WARN_UNREACHABLE_CODE = YES;
				CLANG_WARN__DUPLICATE_METHOD_MATCH = YES;
				COPY_PHASE_STRIP = NO;
				DEBUG_INFORMATION_FORMAT = "dwarf-with-dsym";
				ENABLE_NS_ASSERTIONS = NO;
				ENABLE_STRICT_OBJC_MSGSEND = YES;
				GCC_C_LANGUAGE_STANDARD = gnu11;
				GCC_NO_COMMON_BLOCKS = YES;
				GCC_WARN_64_TO_32_BIT_CONVERSION = YES;
				GCC_WARN_ABOUT_RETURN_TYPE = YES_ERROR;
				GCC_WARN_UNDECLARED_SELECTOR = YES;
				GCC_WARN_UNINITIALIZED_AUTOS = YES_AGGRESSIVE;
				GCC_WARN_UNUSED_FUNCTION = YES;
				GCC_WARN_UNUSED_VARIABLE = YES;
				IPHONEOS_DEPLOYMENT_TARGET = 15.5;
				MTL_ENABLE_DEBUG_INFO = NO;
				MTL_FAST_MATH = YES;
				SDKROOT = iphoneos;
				SWIFT_COMPILATION_MODE = wholemodule;
				SWIFT_OPTIMIZATION_LEVEL = "-O";
				VALIDATE_PRODUCT = YES;
			};
			name = Release;
		};
		DB06B02A2817B55000AAD7B7 /* Debug */ = {
			isa = XCBuildConfiguration;
			buildSettings = {
				ASSETCATALOG_COMPILER_APPICON_NAME = AppIcon;
				ASSETCATALOG_COMPILER_GLOBAL_ACCENT_COLOR_NAME = AccentColor;
				CODE_SIGN_STYLE = Automatic;
				CURRENT_PROJECT_VERSION = 1;
				DEVELOPMENT_TEAM = L7SMRXB5WV;
				GENERATE_INFOPLIST_FILE = YES;
				INFOPLIST_FILE = NanoChallenge01/Info.plist;
				INFOPLIST_KEY_CFBundleDisplayName = Resepku;
				INFOPLIST_KEY_LSApplicationCategoryType = "public.app-category.productivity";
				INFOPLIST_KEY_NSCameraUsageDescription = "Resepku uses the camera to take pictures of your dishes. Your photos won't be shared to the Internet";
				INFOPLIST_KEY_NSPhotoLibraryUsageDescription = "Resepku uses your photos to create your private recipes. Your photos won't be shared to the Internet.";
				INFOPLIST_KEY_UIApplicationSupportsIndirectInputEvents = YES;
				INFOPLIST_KEY_UILaunchStoryboardName = LaunchScreen.storyboard;
				INFOPLIST_KEY_UIMainStoryboardFile = Main;
				INFOPLIST_KEY_UISupportedInterfaceOrientations = UIInterfaceOrientationPortrait;
				INFOPLIST_KEY_UISupportedInterfaceOrientations_iPad = "UIInterfaceOrientationLandscapeLeft UIInterfaceOrientationLandscapeRight UIInterfaceOrientationPortrait UIInterfaceOrientationPortraitUpsideDown";
				IPHONEOS_DEPLOYMENT_TARGET = 14.0;
				LD_RUNPATH_SEARCH_PATHS = (
					"$(inherited)",
					"@executable_path/Frameworks",
				);
				MARKETING_VERSION = 2.0;
				PRODUCT_BUNDLE_IDENTIFIER = com.Esgeee.Resepku;
				PRODUCT_NAME = "$(TARGET_NAME)";
				SUPPORTED_PLATFORMS = "iphoneos iphonesimulator";
				SUPPORTS_MACCATALYST = NO;
				SUPPORTS_MAC_DESIGNED_FOR_IPHONE_IPAD = NO;
				SWIFT_EMIT_LOC_STRINGS = YES;
				SWIFT_VERSION = 5.0;
				TARGETED_DEVICE_FAMILY = 1;
			};
			name = Debug;
		};
		DB06B02B2817B55000AAD7B7 /* Release */ = {
			isa = XCBuildConfiguration;
			buildSettings = {
				ASSETCATALOG_COMPILER_APPICON_NAME = AppIcon;
				ASSETCATALOG_COMPILER_GLOBAL_ACCENT_COLOR_NAME = AccentColor;
				CODE_SIGN_STYLE = Automatic;
				CURRENT_PROJECT_VERSION = 1;
				DEVELOPMENT_TEAM = L7SMRXB5WV;
				GENERATE_INFOPLIST_FILE = YES;
				INFOPLIST_FILE = NanoChallenge01/Info.plist;
				INFOPLIST_KEY_CFBundleDisplayName = Resepku;
				INFOPLIST_KEY_LSApplicationCategoryType = "public.app-category.productivity";
				INFOPLIST_KEY_NSCameraUsageDescription = "Resepku uses the camera to take pictures of your dishes. Your photos won't be shared to the Internet";
				INFOPLIST_KEY_NSPhotoLibraryUsageDescription = "Resepku uses your photos to create your private recipes. Your photos won't be shared to the Internet.";
				INFOPLIST_KEY_UIApplicationSupportsIndirectInputEvents = YES;
				INFOPLIST_KEY_UILaunchStoryboardName = LaunchScreen.storyboard;
				INFOPLIST_KEY_UIMainStoryboardFile = Main;
				INFOPLIST_KEY_UISupportedInterfaceOrientations = UIInterfaceOrientationPortrait;
				INFOPLIST_KEY_UISupportedInterfaceOrientations_iPad = "UIInterfaceOrientationLandscapeLeft UIInterfaceOrientationLandscapeRight UIInterfaceOrientationPortrait UIInterfaceOrientationPortraitUpsideDown";
				IPHONEOS_DEPLOYMENT_TARGET = 14.0;
				LD_RUNPATH_SEARCH_PATHS = (
					"$(inherited)",
					"@executable_path/Frameworks",
				);
				MARKETING_VERSION = 2.0;
				PRODUCT_BUNDLE_IDENTIFIER = com.Esgeee.Resepku;
				PRODUCT_NAME = "$(TARGET_NAME)";
				SUPPORTED_PLATFORMS = "iphoneos iphonesimulator";
				SUPPORTS_MACCATALYST = NO;
				SUPPORTS_MAC_DESIGNED_FOR_IPHONE_IPAD = NO;
				SWIFT_EMIT_LOC_STRINGS = YES;
				SWIFT_VERSION = 5.0;
				TARGETED_DEVICE_FAMILY = 1;
			};
			name = Release;
		};
/* End XCBuildConfiguration section */

/* Begin XCConfigurationList section */
		DB06B00D2817B54F00AAD7B7 /* Build configuration list for PBXProject "NanoChallenge01" */ = {
			isa = XCConfigurationList;
			buildConfigurations = (
				DB06B0272817B55000AAD7B7 /* Debug */,
				DB06B0282817B55000AAD7B7 /* Release */,
			);
			defaultConfigurationIsVisible = 0;
			defaultConfigurationName = Release;
		};
		DB06B0292817B55000AAD7B7 /* Build configuration list for PBXNativeTarget "NanoChallenge01" */ = {
			isa = XCConfigurationList;
			buildConfigurations = (
				DB06B02A2817B55000AAD7B7 /* Debug */,
				DB06B02B2817B55000AAD7B7 /* Release */,
			);
			defaultConfigurationIsVisible = 0;
			defaultConfigurationName = Release;
		};
/* End XCConfigurationList section */

/* Begin XCRemoteSwiftPackageReference section */
		DB04E19A29305828005FBF87 /* XCRemoteSwiftPackageReference "SnapKit" */ = {
			isa = XCRemoteSwiftPackageReference;
			repositoryURL = "https://github.com/SnapKit/SnapKit";
			requirement = {
				kind = upToNextMajorVersion;
				minimumVersion = 5.0.0;
			};
		};
		DB9B59E1292E5AD40051F9F8 /* XCRemoteSwiftPackageReference "IQKeyboardManager" */ = {
			isa = XCRemoteSwiftPackageReference;
			repositoryURL = "https://github.com/hackiftekhar/IQKeyboardManager";
			requirement = {
				branch = master;
				kind = branch;
			};
		};
/* End XCRemoteSwiftPackageReference section */

/* Begin XCSwiftPackageProductDependency section */
		DB04E19B29305828005FBF87 /* SnapKit */ = {
			isa = XCSwiftPackageProductDependency;
			package = DB04E19A29305828005FBF87 /* XCRemoteSwiftPackageReference "SnapKit" */;
			productName = SnapKit;
		};
		DB9B59E2292E5AD40051F9F8 /* IQKeyboardManagerSwift */ = {
			isa = XCSwiftPackageProductDependency;
			package = DB9B59E1292E5AD40051F9F8 /* XCRemoteSwiftPackageReference "IQKeyboardManager" */;
			productName = IQKeyboardManagerSwift;
		};
/* End XCSwiftPackageProductDependency section */

/* Begin XCVersionGroup section */
		DB06B01E2817B54F00AAD7B7 /* NanoChallenge01.xcdatamodeld */ = {
			isa = XCVersionGroup;
			children = (
				DB06B01F2817B54F00AAD7B7 /* NanoChallenge01.xcdatamodel */,
			);
			currentVersion = DB06B01F2817B54F00AAD7B7 /* NanoChallenge01.xcdatamodel */;
			path = NanoChallenge01.xcdatamodeld;
			sourceTree = "<group>";
			versionGroupType = wrapper.xcdatamodel;
		};
/* End XCVersionGroup section */
	};
	rootObject = DB06B00A2817B54F00AAD7B7 /* Project object */;
}
